
Microsoft Visual Studio Solution File, Format Version 12.00
# Visual Studio Version 16
VisualStudioVersion = 16.0.29709.97
MinimumVisualStudioVersion = 10.0.40219.1
Project("{9A19103F-16F7-4668-BE54-9A1E7A4F7556}") = "ScreenMateNET", "ScreenMateNET.csproj", "{B62040E2-5A4E-45E0-BA8B-1D458698C94C}"
EndProject
Project("{9A19103F-16F7-4668-BE54-9A1E7A4F7556}") = "screenmate-NET-UnitTest", "..\screenmate-NET-TEST\screenmate-NET-UnitTest.csproj", "{9020D477-640E-4E74-99B6-828A3772B145}"
EndProject
Project("{9A19103F-16F7-4668-BE54-9A1E7A4F7556}") = "ScreenMateConfigurator", "..\screenmate-configurator\ScreenMateConfigurator.csproj", "{D4F89147-D23D-4BEE-B237-94851B5734E1}"
EndProject
Global
	GlobalSection(SolutionConfigurationPlatforms) = preSolution
		Debug|Any CPU = Debug|Any CPU
		Release|Any CPU = Release|Any CPU
	EndGlobalSection
	GlobalSection(ProjectConfigurationPlatforms) = postSolution
		{B62040E2-5A4E-45E0-BA8B-1D458698C94C}.Debug|Any CPU.ActiveCfg = Debug|Any CPU
		{B62040E2-5A4E-45E0-BA8B-1D458698C94C}.Debug|Any CPU.Build.0 = Debug|Any CPU
		{B62040E2-5A4E-45E0-BA8B-1D458698C94C}.Release|Any CPU.ActiveCfg = Release|Any CPU
		{B62040E2-5A4E-45E0-BA8B-1D458698C94C}.Release|Any CPU.Build.0 = Release|Any CPU
		{9020D477-640E-4E74-99B6-828A3772B145}.Debug|Any CPU.ActiveCfg = Debug|Any CPU
		{9020D477-640E-4E74-99B6-828A3772B145}.Debug|Any CPU.Build.0 = Debug|Any CPU
		{9020D477-640E-4E74-99B6-828A3772B145}.Release|Any CPU.ActiveCfg = Release|Any CPU
		{9020D477-640E-4E74-99B6-828A3772B145}.Release|Any CPU.Build.0 = Release|Any CPU
		{D4F89147-D23D-4BEE-B237-94851B5734E1}.Debug|Any CPU.ActiveCfg = Debug|Any CPU
		{D4F89147-D23D-4BEE-B237-94851B5734E1}.Debug|Any CPU.Build.0 = Debug|Any CPU
		{D4F89147-D23D-4BEE-B237-94851B5734E1}.Release|Any CPU.ActiveCfg = Release|Any CPU
		{D4F89147-D23D-4BEE-B237-94851B5734E1}.Release|Any CPU.Build.0 = Release|Any CPU
	EndGlobalSection
	GlobalSection(SolutionProperties) = preSolution
		HideSolutionNode = FALSE
	EndGlobalSection
	GlobalSection(ExtensibilityGlobals) = postSolution
		SolutionGuid = {E5B38C2E-2456-45E2-AA9B-9D25095DE5C9}
	EndGlobalSection
EndGlobal
